
Microsoft Visual Studio Solution File, Format Version 12.00
# Visual Studio Version 17
VisualStudioVersion = 17.9.34728.123
MinimumVisualStudioVersion = 10.0.40219.1
Project("{FAE04EC0-301F-11D3-BF4B-00C04F79EFBC}") = "Projeto", "Projeto\Projeto.csproj", "{E887977A-CA2C-403E-AFF2-35D0A4DE6298}"
EndProject
Global
	GlobalSection(SolutionConfigurationPlatforms) = preSolution
		Debug|Any CPU = Debug|Any CPU
		Release|Any CPU = Release|Any CPU
	EndGlobalSection
	GlobalSection(ProjectConfigurationPlatforms) = postSolution
		{E887977A-CA2C-403E-AFF2-35D0A4DE6298}.Debug|Any CPU.ActiveCfg = Debug|Any CPU
		{E887977A-CA2C-403E-AFF2-35D0A4DE6298}.Debug|Any CPU.Build.0 = Debug|Any CPU
		{E887977A-CA2C-403E-AFF2-35D0A4DE6298}.Release|Any CPU.ActiveCfg = Release|Any CPU
		{E887977A-CA2C-403E-AFF2-35D0A4DE6298}.Release|Any CPU.Build.0 = Release|Any CPU
	EndGlobalSection
	GlobalSection(SolutionProperties) = preSolution
		HideSolutionNode = FALSE
	EndGlobalSection
	GlobalSection(ExtensibilityGlobals) = postSolution
		SolutionGuid = {ED2BB251-3BCA-49C4-B45B-2E9C4EDD2BBA}
	EndGlobalSection
EndGlobal
